{
  "name": "fakt",
  "version": "1.0.0-alpha01",
  "lockfileVersion": 3,
  "requires": true,
  "packages": {
    "": {
      "name": "fakt",
      "version": "1.0.0-alpha01",
      "workspaces": [
        "packages/fakt-annotations",
        "packages/fakt-annotations-test"
      ],
      "devDependencies": {}
    },
    "node_modules/fakt-annotations": {
      "resolved": "packages/fakt-annotations",
      "link": true
    },
    "node_modules/fakt-annotations-test": {
      "resolved": "packages/fakt-annotations-test",
      "link": true
    },
    "packages/fakt-annotations": {
      "version": "1.0.0-alpha01",
      "devDependencies": {}
    },
    "packages/fakt-annotations-test": {
      "version": "1.0.0-alpha01",
      "devDependencies": {}
    },
    "packages/fakt-runtime": {
      "version": "1.0.0-alpha01",
      "extraneous": true,
      "devDependencies": {}
    },
    "packages/fakt-runtime-test": {
      "version": "1.0.0-alpha01",
      "extraneous": true,
      "devDependencies": {}
    },
    "packages/ktfake-runtime": {
      "version": "0.0.0-unspecified",
      "extraneous": true,
      "devDependencies": {}
    },
    "packages/ktfake-runtime-test": {
      "version": "0.0.0-unspecified",
      "extraneous": true,
      "devDependencies": {}
    }
  }
}
