{
  "name": "fakt",
  "version": "1.0.0-beta10",
  "lockfileVersion": 3,
  "requires": true,
  "packages": {
    "": {
      "name": "fakt",
      "version": "1.0.0-beta10",
      "workspaces": [
        "packages/fakt-annotations",
        "packages/fakt-annotations-test"
      ],
      "devDependencies": {}
    },
    "node_modules/fakt-annotations": {
      "resolved": "packages/fakt-annotations",
      "link": true
    },
    "node_modules/fakt-annotations-test": {
      "resolved": "packages/fakt-annotations-test",
      "link": true
    },
    "packages/fakt-annotations": {
      "version": "1.0.0-beta10",
      "devDependencies": {}
    },
    "packages/fakt-annotations-test": {
      "version": "1.0.0-beta10",
      "devDependencies": {}
    }
  }
}
